
Microsoft Visual Studio Solution File, Format Version 12.00
# Visual Studio Version 16
VisualStudioVersion = 16.0.29215.179
MinimumVisualStudioVersion = 10.0.40219.1
Project("{FAE04EC0-301F-11D3-BF4B-00C04F79EFBC}") = "prgig", "prgig\prgig.csproj", "{16714EF0-2CF6-4614-8AF6-283F28720098}"
EndProject
Project("{2150E333-8FDC-42A3-9474-1A3956D46DE8}") = "BLL", "BLL", "{03F1EF98-803E-4D4E-A828-4B276AB5D18E}"
EndProject
Project("{2150E333-8FDC-42A3-9474-1A3956D46DE8}") = "clase", "clase", "{C3A7CF10-0857-496D-A47F-1DF283B4F8FF}"
	ProjectSection(SolutionItems) = preProject
		Class1.cs = Class1.cs
	EndProjectSection
EndProject
Project("{2150E333-8FDC-42A3-9474-1A3956D46DE8}") = "nnn", "nnn", "{6E144A0A-3880-41D2-845B-547425C9F71F}"
	ProjectSection(SolutionItems) = preProject
		class.cs = class.cs
	EndProjectSection
EndProject
Global
	GlobalSection(SolutionConfigurationPlatforms) = preSolution
		Debug|Any CPU = Debug|Any CPU
		Release|Any CPU = Release|Any CPU
	EndGlobalSection
	GlobalSection(ProjectConfigurationPlatforms) = postSolution
		{16714EF0-2CF6-4614-8AF6-283F28720098}.Debug|Any CPU.ActiveCfg = Debug|Any CPU
		{16714EF0-2CF6-4614-8AF6-283F28720098}.Debug|Any CPU.Build.0 = Debug|Any CPU
		{16714EF0-2CF6-4614-8AF6-283F28720098}.Release|Any CPU.ActiveCfg = Release|Any CPU
		{16714EF0-2CF6-4614-8AF6-283F28720098}.Release|Any CPU.Build.0 = Release|Any CPU
	EndGlobalSection
	GlobalSection(SolutionProperties) = preSolution
		HideSolutionNode = FALSE
	EndGlobalSection
	GlobalSection(ExtensibilityGlobals) = postSolution
		SolutionGuid = {837D9A66-ECA2-43E0-89F0-77FF7DEF3EE0}
	EndGlobalSection
EndGlobal
